# This file is automatically @generated by Cargo.
# It is not intended for manual editing.
version = 4

[[package]]
name = "truefix"
version = "0.0.0"

[[package]]
name = "truefix-at"
version = "0.0.0"

[[package]]
name = "truefix-config"
version = "0.0.0"

[[package]]
name = "truefix-core"
version = "0.0.0"

[[package]]
name = "truefix-dict"
version = "0.0.0"

[[package]]
name = "truefix-log"
version = "0.0.0"

[[package]]
name = "truefix-session"
version = "0.0.0"

[[package]]
name = "truefix-store"
version = "0.0.0"

[[package]]
name = "truefix-transport"
version = "0.0.0"
